{
  "name": "FinalProject",
  "lockfileVersion": 3,
  "requires": true,
  "packages": {
    "": {
      "dependencies": {
        "swiper": "^11.1.3"
      }
    },
    "node_modules/swiper": {
      "version": "11.1.3",
      "resolved": "https://registry.npmjs.org/swiper/-/swiper-11.1.3.tgz",
      "integrity": "sha512-80MSxonyTxrGcaWj9YgvvhD8OG0B9/9IVZP33vhIEvyWvmKjnQDBieO+29wKvMx285sAtvZyrWBdkxaw6+D3aw==",
      "funding": [
        {
          "type": "patreon",
          "url": "https://www.patreon.com/swiperjs"
        },
        {
          "type": "open_collective",
          "url": "http://opencollective.com/swiper"
        }
      ],
      "engines": {
        "node": ">= 4.7.0"
      }
    }
  }
}
